
Microsoft Visual Studio Solution File, Format Version 12.00
# Visual Studio 2012
Project("{f2a71f9b-5d33-465a-a702-920d77279786}") = "SwiftSharp", "SwiftSharp\SwiftSharp.fsproj", "{FD189626-517D-49BD-874F-949A9A8EEAAC}"
EndProject
Project("{f2a71f9b-5d33-465a-a702-920d77279786}") = "SwiftSharp.Test", "SwiftSharp.Test\SwiftSharp.Test.fsproj", "{233A036F-6EB0-4122-AC80-8D70E9C9A757}"
EndProject
Global
	GlobalSection(SolutionConfigurationPlatforms) = preSolution
		Debug|Any CPU = Debug|Any CPU
		Release|Any CPU = Release|Any CPU
	EndGlobalSection
	GlobalSection(ProjectConfigurationPlatforms) = postSolution
		{233A036F-6EB0-4122-AC80-8D70E9C9A757}.Debug|Any CPU.ActiveCfg = Debug|Any CPU
		{233A036F-6EB0-4122-AC80-8D70E9C9A757}.Debug|Any CPU.Build.0 = Debug|Any CPU
		{233A036F-6EB0-4122-AC80-8D70E9C9A757}.Release|Any CPU.ActiveCfg = Release|Any CPU
		{233A036F-6EB0-4122-AC80-8D70E9C9A757}.Release|Any CPU.Build.0 = Release|Any CPU
		{FD189626-517D-49BD-874F-949A9A8EEAAC}.Debug|Any CPU.ActiveCfg = Debug|Any CPU
		{FD189626-517D-49BD-874F-949A9A8EEAAC}.Debug|Any CPU.Build.0 = Debug|Any CPU
		{FD189626-517D-49BD-874F-949A9A8EEAAC}.Release|Any CPU.ActiveCfg = Release|Any CPU
		{FD189626-517D-49BD-874F-949A9A8EEAAC}.Release|Any CPU.Build.0 = Release|Any CPU
	EndGlobalSection
	GlobalSection(MonoDevelopProperties) = preSolution
		StartupItem = SwiftSharp.Test\SwiftSharp.Test.fsproj
	EndGlobalSection
EndGlobal
